{
  "version": 4,
  "terraform_version": "1.5.7",
  "serial": 64,
  "lineage": "3e307620-32ec-e19a-530f-87d762a161f1",
  "outputs": {
    "access_instructions": {
      "value": "    \n🚀 N8N 1.100.1 DEPLOYMENT SUCCESSFUL!\n    \n📱 Service URL: https://n8n-optima-cx-e6nurdtj6a-tl.a.run.app\n🌐 Custom Domain: https://n8n.optimacx.net\n    \n🔧 Management Commands:\n    \n1. View service status:\n   gcloud run services describe n8n-optima-cx --region=southamerica-west1\n    \n2. View logs:\n   gcloud logs read \"resource.type=cloud_run_revision AND resource.labels.service_name=n8n-optima-cx\" --region=southamerica-west1\n    \n3. Update service:\n   gcloud run services update n8n-optima-cx --region=southamerica-west1\n    \n🗄️ Database Connection:\n   Instance: burnished-data-463915-d8:southamerica-west1:n8n-optima-cx-postgres\n   Database: n8n_optima_cx\n    \n📦 Redis Cache:\n   Host: 10.109.73.163\n   Port: 6379\n    \n🔐 Service Account: n8n-optima-cx-sa@burnished-data-463915-d8.iam.gserviceaccount.com\n    \n",
      "type": "string"
    },
    "artifact_registry_repository": {
      "value": "n8n-optima-cx",
      "type": "string"
    },
    "artifact_registry_url": {
      "value": "southamerica-west1-docker.pkg.dev/burnished-data-463915-d8/n8n-optima-cx",
      "type": "string"
    },
    "database_connection_name": {
      "value": "burnished-data-463915-d8:southamerica-west1:n8n-optima-cx-postgres",
      "type": "string"
    },
    "database_instance_name": {
      "value": "n8n-optima-cx-postgres",
      "type": "string"
    },
    "database_name": {
      "value": "n8n_optima_cx",
      "type": "string"
    },
    "database_private_ip": {
      "value": "172.21.0.3",
      "type": "string"
    },
    "db_password_secret_name": {
      "value": "n8n-optima-cx-db-password",
      "type": "string"
    },
    "deployment_info": {
      "value": {
        "artifact_registry": "southamerica-west1-docker.pkg.dev/burnished-data-463915-d8/n8n-optima-cx",
        "database_connection": "burnished-data-463915-d8:southamerica-west1:n8n-optima-cx-postgres",
        "domain_name": "n8n.optimacx.net",
        "n8n_version": "1.100.1",
        "project_id": "burnished-data-463915-d8",
        "redis_endpoint": "10.109.73.163:6379",
        "region": "southamerica-west1",
        "service_account": "n8n-optima-cx-sa@burnished-data-463915-d8.iam.gserviceaccount.com",
        "service_url": "https://n8n-optima-cx-e6nurdtj6a-tl.a.run.app"
      },
      "type": [
        "object",
        {
          "artifact_registry": "string",
          "database_connection": "string",
          "domain_name": "string",
          "n8n_version": "string",
          "project_id": "string",
          "redis_endpoint": "string",
          "region": "string",
          "service_account": "string",
          "service_url": "string"
        }
      ]
    },
    "encryption_key_secret_name": {
      "value": "n8n-optima-cx-encryption-key",
      "type": "string"
    },
    "estimated_monthly_cost": {
      "value": {
        "cloud_run_base": "$5-15 (based on usage)",
        "cloud_sql_micro": "$7-12 (db-f1-micro)",
        "networking": "$1-5 (egress)",
        "note": "Actual costs depend on usage patterns. Cloud Run scales to zero when not in use.",
        "redis_1gb": "$25-30 (1GB Redis)",
        "storage": "$1-3 (logs, backups)",
        "total_estimate": "$39-65 USD/month"
      },
      "type": [
        "object",
        {
          "cloud_run_base": "string",
          "cloud_sql_micro": "string",
          "networking": "string",
          "note": "string",
          "redis_1gb": "string",
          "storage": "string",
          "total_estimate": "string"
        }
      ]
    },
    "monitoring_urls": {
      "value": {
        "cloud_run_console": "https://console.cloud.google.com/run/detail/southamerica-west1/n8n-optima-cx/metrics?project=burnished-data-463915-d8",
        "cloud_sql_console": "https://console.cloud.google.com/sql/instances/n8n-optima-cx-postgres/overview?project=burnished-data-463915-d8",
        "logs_explorer": "https://console.cloud.google.com/logs/query;query=resource.type%3D%22cloud_run_revision%22%0Aresource.labels.service_name%3D%22n8n-optima-cx%22?project=burnished-data-463915-d8",
        "monitoring_dashboard": "https://console.cloud.google.com/monitoring/dashboards?project=burnished-data-463915-d8",
        "redis_console": "https://console.cloud.google.com/memorystore/redis/locations/southamerica-west1/instances/n8n-optima-cx-redis?project=burnished-data-463915-d8"
      },
      "type": [
        "object",
        {
          "cloud_run_console": "string",
          "cloud_sql_console": "string",
          "logs_explorer": "string",
          "monitoring_dashboard": "string",
          "redis_console": "string"
        }
      ]
    },
    "n8n_module_info": {
      "value": {
        "container_concurrency": 1000,
        "domain_name": "n8n.optimacx.net",
        "max_instances": 100,
        "min_instances": 0,
        "n8n_version": "1.100.1",
        "revision_name": "n8n-optima-cx-00001-88c",
        "service_name": "n8n-optima-cx",
        "service_url": "https://n8n-optima-cx-e6nurdtj6a-tl.a.run.app"
      },
      "type": [
        "object",
        {
          "container_concurrency": "number",
          "domain_name": "string",
          "max_instances": "number",
          "min_instances": "number",
          "n8n_version": "string",
          "revision_name": "string",
          "service_name": "string",
          "service_url": "string"
        }
      ]
    },
    "redis_host": {
      "value": "10.109.73.163",
      "type": "string"
    },
    "redis_memory_size": {
      "value": 1,
      "type": "number"
    },
    "redis_port": {
      "value": 6379,
      "type": "number"
    },
    "service_account_email": {
      "value": "n8n-optima-cx-sa@burnished-data-463915-d8.iam.gserviceaccount.com",
      "type": "string"
    },
    "service_account_name": {
      "value": "projects/burnished-data-463915-d8/serviceAccounts/n8n-optima-cx-sa@burnished-data-463915-d8.iam.gserviceaccount.com",
      "type": "string"
    },
    "service_name": {
      "value": "n8n-optima-cx",
      "type": "string"
    },
    "service_region": {
      "value": "southamerica-west1",
      "type": "string"
    },
    "service_url": {
      "value": "https://n8n-optima-cx-e6nurdtj6a-tl.a.run.app",
      "type": "string"
    },
    "subnet_name": {
      "value": "n8n-optima-cx-subnet",
      "type": "string"
    },
    "vpc_connector_name": {
      "value": "n8n-optima-cx-connector",
      "type": "string"
    },
    "vpc_network_name": {
      "value": "n8n-optima-cx-vpc",
      "type": "string"
    },
    "vpc_network_self_link": {
      "value": "https://www.googleapis.com/compute/v1/projects/burnished-data-463915-d8/global/networks/n8n-optima-cx-vpc",
      "type": "string"
    }
  },
  "resources": [
    {
      "mode": "managed",
      "type": "google_artifact_registry_repository",
      "name": "n8n_repo",
      "provider": "provider[\"registry.terraform.io/hashicorp/google\"]",
      "instances": [
        {
          "schema_version": 0,
          "attributes": {
            "cleanup_policies": [],
            "cleanup_policy_dry_run": false,
            "create_time": "2025-07-04T03:51:20.380758Z",
            "description": "Repository for n8n 1.100.1 custom images",
            "docker_config": [],
            "effective_labels": {
              "app": "n8n",
              "environment": "prod",
              "managed-by": "terraform",
              "platform": "optima-cx",
              "version": "1-100-1"
            },
            "format": "DOCKER",
            "id": "projects/burnished-data-463915-d8/locations/southamerica-west1/repositories/n8n-optima-cx",
            "kms_key_name": "",
            "labels": {
              "app": "n8n",
              "environment": "prod",
              "managed-by": "terraform",
              "platform": "optima-cx",
              "version": "1-100-1"
            },
            "location": "southamerica-west1",
            "maven_config": [],
            "mode": "STANDARD_REPOSITORY",
            "name": "n8n-optima-cx",
            "project": "burnished-data-463915-d8",
            "remote_repository_config": [],
            "repository_id": "n8n-optima-cx",
            "terraform_labels": {
              "app": "n8n",
              "environment": "prod",
              "managed-by": "terraform",
              "platform": "optima-cx",
              "version": "1-100-1"
            },
            "timeouts": null,
            "update_time": "2025-07-04T03:51:20.380758Z",
            "virtual_repository_config": []
          },
          "sensitive_attributes": [],
          "private": "eyJlMmJmYjczMC1lY2FhLTExZTYtOGY4OC0zNDM2M2JjN2M0YzAiOnsiY3JlYXRlIjoxMjAwMDAwMDAwMDAwLCJkZWxldGUiOjEyMDAwMDAwMDAwMDAsInVwZGF0ZSI6MTIwMDAwMDAwMDAwMH19"
        }
      ]
    },
    {
      "mode": "managed",
      "type": "google_cloud_run_domain_mapping",
      "name": "domain",
      "provider": "provider[\"registry.terraform.io/hashicorp/google\"]",
      "instances": []
    },
    {
      "mode": "managed",
      "type": "google_compute_global_address",
      "name": "private_ip_address",
      "provider": "provider[\"registry.terraform.io/hashicorp/google\"]",
      "instances": [
        {
          "schema_version": 0,
          "attributes": {
            "address": "172.21.0.0",
            "address_type": "INTERNAL",
            "creation_timestamp": "2025-07-03T20:49:30.783-07:00",
            "description": "",
            "effective_labels": {},
            "id": "projects/burnished-data-463915-d8/global/addresses/n8n-optima-cx-private-ip",
            "ip_version": "",
            "label_fingerprint": "42WmSpB8rSM=",
            "labels": {},
            "name": "n8n-optima-cx-private-ip",
            "network": "https://www.googleapis.com/compute/v1/projects/burnished-data-463915-d8/global/networks/n8n-optima-cx-vpc",
            "prefix_length": 16,
            "project": "burnished-data-463915-d8",
            "purpose": "VPC_PEERING",
            "self_link": "https://www.googleapis.com/compute/v1/projects/burnished-data-463915-d8/global/addresses/n8n-optima-cx-private-ip",
            "terraform_labels": {},
            "timeouts": null
          },
          "sensitive_attributes": [],
          "private": "eyJlMmJmYjczMC1lY2FhLTExZTYtOGY4OC0zNDM2M2JjN2M0YzAiOnsiY3JlYXRlIjoxMjAwMDAwMDAwMDAwLCJkZWxldGUiOjEyMDAwMDAwMDAwMDAsInVwZGF0ZSI6MTIwMDAwMDAwMDAwMH19",
          "dependencies": [
            "google_compute_network.vpc"
          ]
        }
      ]
    },
    {
      "mode": "managed",
      "type": "google_compute_network",
      "name": "vpc",
      "provider": "provider[\"registry.terraform.io/hashicorp/google\"]",
      "instances": [
        {
          "schema_version": 0,
          "attributes": {
            "auto_create_subnetworks": false,
            "delete_default_routes_on_create": false,
            "description": "",
            "enable_ula_internal_ipv6": false,
            "gateway_ipv4": "",
            "id": "projects/burnished-data-463915-d8/global/networks/n8n-optima-cx-vpc",
            "internal_ipv6_range": "",
            "mtu": 1460,
            "name": "n8n-optima-cx-vpc",
            "network_firewall_policy_enforcement_order": "AFTER_CLASSIC_FIREWALL",
            "numeric_id": "8624247960672858576",
            "project": "burnished-data-463915-d8",
            "routing_mode": "REGIONAL",
            "self_link": "https://www.googleapis.com/compute/v1/projects/burnished-data-463915-d8/global/networks/n8n-optima-cx-vpc",
            "timeouts": null
          },
          "sensitive_attributes": [],
          "private": "eyJlMmJmYjczMC1lY2FhLTExZTYtOGY4OC0zNDM2M2JjN2M0YzAiOnsiY3JlYXRlIjoxMjAwMDAwMDAwMDAwLCJkZWxldGUiOjEyMDAwMDAwMDAwMDAsInVwZGF0ZSI6MTIwMDAwMDAwMDAwMH19"
        }
      ]
    },
    {
      "mode": "managed",
      "type": "google_compute_subnetwork",
      "name": "subnet",
      "provider": "provider[\"registry.terraform.io/hashicorp/google\"]",
      "instances": [
        {
          "schema_version": 0,
          "attributes": {
            "creation_timestamp": "2025-07-03T20:49:34.093-07:00",
            "description": "",
            "external_ipv6_prefix": "",
            "fingerprint": null,
            "gateway_address": "10.0.0.1",
            "id": "projects/burnished-data-463915-d8/regions/southamerica-west1/subnetworks/n8n-optima-cx-subnet",
            "internal_ipv6_prefix": "",
            "ip_cidr_range": "10.0.0.0/24",
            "ipv6_access_type": "",
            "ipv6_cidr_range": "",
            "log_config": [],
            "name": "n8n-optima-cx-subnet",
            "network": "https://www.googleapis.com/compute/v1/projects/burnished-data-463915-d8/global/networks/n8n-optima-cx-vpc",
            "private_ip_google_access": true,
            "private_ipv6_google_access": "DISABLE_GOOGLE_ACCESS",
            "project": "burnished-data-463915-d8",
            "purpose": "PRIVATE",
            "region": "southamerica-west1",
            "role": "",
            "secondary_ip_range": [],
            "self_link": "https://www.googleapis.com/compute/v1/projects/burnished-data-463915-d8/regions/southamerica-west1/subnetworks/n8n-optima-cx-subnet",
            "send_secondary_ip_range_if_empty": null,
            "stack_type": "IPV4_ONLY",
            "timeouts": null
          },
          "sensitive_attributes": [],
          "private": "eyJlMmJmYjczMC1lY2FhLTExZTYtOGY4OC0zNDM2M2JjN2M0YzAiOnsiY3JlYXRlIjoxMjAwMDAwMDAwMDAwLCJkZWxldGUiOjEyMDAwMDAwMDAwMDAsInVwZGF0ZSI6MTIwMDAwMDAwMDAwMH19",
          "dependencies": [
            "google_compute_network.vpc"
          ]
        }
      ]
    },
    {
      "mode": "managed",
      "type": "google_project_iam_member",
      "name": "aiplatform_user",
      "provider": "provider[\"registry.terraform.io/hashicorp/google\"]",
      "instances": [
        {
          "schema_version": 0,
          "attributes": {
            "condition": [],
            "etag": "BwY5Emgww2w=",
            "id": "burnished-data-463915-d8/roles/aiplatform.user/serviceAccount:n8n-optima-cx-sa@burnished-data-463915-d8.iam.gserviceaccount.com",
            "member": "serviceAccount:n8n-optima-cx-sa@burnished-data-463915-d8.iam.gserviceaccount.com",
            "project": "burnished-data-463915-d8",
            "role": "roles/aiplatform.user"
          },
          "sensitive_attributes": [],
          "private": "bnVsbA==",
          "dependencies": [
            "google_service_account.n8n_service_account"
          ]
        }
      ]
    },
    {
      "mode": "managed",
      "type": "google_project_iam_member",
      "name": "cloudsql_client",
      "provider": "provider[\"registry.terraform.io/hashicorp/google\"]",
      "instances": [
        {
          "schema_version": 0,
          "attributes": {
            "condition": [],
            "etag": "BwY5Emgww2w=",
            "id": "burnished-data-463915-d8/roles/cloudsql.client/serviceAccount:n8n-optima-cx-sa@burnished-data-463915-d8.iam.gserviceaccount.com",
            "member": "serviceAccount:n8n-optima-cx-sa@burnished-data-463915-d8.iam.gserviceaccount.com",
            "project": "burnished-data-463915-d8",
            "role": "roles/cloudsql.client"
          },
          "sensitive_attributes": [],
          "private": "bnVsbA==",
          "dependencies": [
            "google_service_account.n8n_service_account"
          ]
        }
      ]
    },
    {
      "mode": "managed",
      "type": "google_project_iam_member",
      "name": "secret_accessor",
      "provider": "provider[\"registry.terraform.io/hashicorp/google\"]",
      "instances": [
        {
          "schema_version": 0,
          "attributes": {
            "condition": [],
            "etag": "BwY5Emgww2w=",
            "id": "burnished-data-463915-d8/roles/secretmanager.secretAccessor/serviceAccount:n8n-optima-cx-sa@burnished-data-463915-d8.iam.gserviceaccount.com",
            "member": "serviceAccount:n8n-optima-cx-sa@burnished-data-463915-d8.iam.gserviceaccount.com",
            "project": "burnished-data-463915-d8",
            "role": "roles/secretmanager.secretAccessor"
          },
          "sensitive_attributes": [],
          "private": "bnVsbA==",
          "dependencies": [
            "google_service_account.n8n_service_account"
          ]
        }
      ]
    },
    {
      "mode": "managed",
      "type": "google_project_iam_member",
      "name": "storage_admin",
      "provider": "provider[\"registry.terraform.io/hashicorp/google\"]",
      "instances": [
        {
          "schema_version": 0,
          "attributes": {
            "condition": [],
            "etag": "BwY5Emgww2w=",
            "id": "burnished-data-463915-d8/roles/storage.admin/serviceAccount:n8n-optima-cx-sa@burnished-data-463915-d8.iam.gserviceaccount.com",
            "member": "serviceAccount:n8n-optima-cx-sa@burnished-data-463915-d8.iam.gserviceaccount.com",
            "project": "burnished-data-463915-d8",
            "role": "roles/storage.admin"
          },
          "sensitive_attributes": [],
          "private": "bnVsbA==",
          "dependencies": [
            "google_service_account.n8n_service_account"
          ]
        }
      ]
    },
    {
      "mode": "managed",
      "type": "google_redis_instance",
      "name": "n8n_redis",
      "provider": "provider[\"registry.terraform.io/hashicorp/google\"]",
      "instances": [
        {
          "schema_version": 0,
          "attributes": {
            "alternative_location_id": "",
            "auth_enabled": false,
            "auth_string": "",
            "authorized_network": "projects/burnished-data-463915-d8/global/networks/n8n-optima-cx-vpc",
            "connect_mode": "DIRECT_PEERING",
            "create_time": "2025-07-04T03:51:20.298857730Z",
            "current_location_id": "southamerica-west1-b",
            "customer_managed_key": "",
            "display_name": "N8N Redis Cache",
            "effective_labels": {
              "app": "n8n",
              "environment": "prod",
              "managed-by": "terraform",
              "platform": "optima-cx",
              "version": "1-100-1"
            },
            "host": "10.109.73.163",
            "id": "projects/burnished-data-463915-d8/locations/southamerica-west1/instances/n8n-optima-cx-redis",
            "labels": {
              "app": "n8n",
              "environment": "prod",
              "managed-by": "terraform",
              "platform": "optima-cx",
              "version": "1-100-1"
            },
            "location_id": "southamerica-west1-b",
            "maintenance_policy": [],
            "maintenance_schedule": [],
            "maintenance_version": "20241107_00_00",
            "memory_size_gb": 1,
            "name": "n8n-optima-cx-redis",
            "nodes": [
              {
                "id": "node-0",
                "zone": "southamerica-west1-b"
              }
            ],
            "persistence_config": [
              {
                "persistence_mode": "DISABLED",
                "rdb_next_snapshot_time": "",
                "rdb_snapshot_period": "",
                "rdb_snapshot_start_time": ""
              }
            ],
            "persistence_iam_identity": "serviceAccount:service-1008284849803@cloud-redis.iam.gserviceaccount.com",
            "port": 6379,
            "project": "burnished-data-463915-d8",
            "read_endpoint": "",
            "read_endpoint_port": 0,
            "read_replicas_mode": "READ_REPLICAS_DISABLED",
            "redis_configs": {
              "maxmemory-policy": "allkeys-lru"
            },
            "redis_version": "REDIS_7_0",
            "region": "southamerica-west1",
            "replica_count": 0,
            "reserved_ip_range": null,
            "secondary_ip_range": "",
            "server_ca_certs": [],
            "terraform_labels": {
              "app": "n8n",
              "environment": "prod",
              "managed-by": "terraform",
              "platform": "optima-cx",
              "version": "1-100-1"
            },
            "tier": "BASIC",
            "timeouts": null,
            "transit_encryption_mode": "DISABLED"
          },
          "sensitive_attributes": [],
          "private": "eyJlMmJmYjczMC1lY2FhLTExZTYtOGY4OC0zNDM2M2JjN2M0YzAiOnsiY3JlYXRlIjoxMjAwMDAwMDAwMDAwLCJkZWxldGUiOjEyMDAwMDAwMDAwMDAsInVwZGF0ZSI6MTIwMDAwMDAwMDAwMH19",
          "dependencies": [
            "google_compute_network.vpc"
          ]
        }
      ]
    },
    {
      "mode": "managed",
      "type": "google_secret_manager_secret",
      "name": "db_password",
      "provider": "provider[\"registry.terraform.io/hashicorp/google\"]",
      "instances": [
        {
          "schema_version": 0,
          "attributes": {
            "annotations": {},
            "create_time": "2025-07-04T03:51:18.443394Z",
            "effective_annotations": {},
            "effective_labels": {
              "app": "n8n",
              "environment": "prod",
              "managed-by": "terraform",
              "platform": "optima-cx",
              "version": "1-100-1"
            },
            "expire_time": "",
            "id": "projects/burnished-data-463915-d8/secrets/n8n-optima-cx-db-password",
            "labels": {
              "app": "n8n",
              "environment": "prod",
              "managed-by": "terraform",
              "platform": "optima-cx",
              "version": "1-100-1"
            },
            "name": "projects/1008284849803/secrets/n8n-optima-cx-db-password",
            "project": "burnished-data-463915-d8",
            "replication": [
              {
                "auto": [
                  {
                    "customer_managed_encryption": []
                  }
                ],
                "user_managed": []
              }
            ],
            "rotation": [],
            "secret_id": "n8n-optima-cx-db-password",
            "terraform_labels": {
              "app": "n8n",
              "environment": "prod",
              "managed-by": "terraform",
              "platform": "optima-cx",
              "version": "1-100-1"
            },
            "timeouts": null,
            "topics": [],
            "ttl": null,
            "version_aliases": {},
            "version_destroy_ttl": ""
          },
          "sensitive_attributes": [],
          "private": "eyJlMmJmYjczMC1lY2FhLTExZTYtOGY4OC0zNDM2M2JjN2M0YzAiOnsiY3JlYXRlIjoxMjAwMDAwMDAwMDAwLCJkZWxldGUiOjEyMDAwMDAwMDAwMDAsInVwZGF0ZSI6MTIwMDAwMDAwMDAwMH19"
        }
      ]
    },
    {
      "mode": "managed",
      "type": "google_secret_manager_secret",
      "name": "encryption_key",
      "provider": "provider[\"registry.terraform.io/hashicorp/google\"]",
      "instances": [
        {
          "schema_version": 0,
          "attributes": {
            "annotations": {},
            "create_time": "2025-07-04T03:51:18.470215Z",
            "effective_annotations": {},
            "effective_labels": {
              "app": "n8n",
              "environment": "prod",
              "managed-by": "terraform",
              "platform": "optima-cx",
              "version": "1-100-1"
            },
            "expire_time": "",
            "id": "projects/burnished-data-463915-d8/secrets/n8n-optima-cx-encryption-key",
            "labels": {
              "app": "n8n",
              "environment": "prod",
              "managed-by": "terraform",
              "platform": "optima-cx",
              "version": "1-100-1"
            },
            "name": "projects/1008284849803/secrets/n8n-optima-cx-encryption-key",
            "project": "burnished-data-463915-d8",
            "replication": [
              {
                "auto": [
                  {
                    "customer_managed_encryption": []
                  }
                ],
                "user_managed": []
              }
            ],
            "rotation": [],
            "secret_id": "n8n-optima-cx-encryption-key",
            "terraform_labels": {
              "app": "n8n",
              "environment": "prod",
              "managed-by": "terraform",
              "platform": "optima-cx",
              "version": "1-100-1"
            },
            "timeouts": null,
            "topics": [],
            "ttl": null,
            "version_aliases": {},
            "version_destroy_ttl": ""
          },
          "sensitive_attributes": [],
          "private": "eyJlMmJmYjczMC1lY2FhLTExZTYtOGY4OC0zNDM2M2JjN2M0YzAiOnsiY3JlYXRlIjoxMjAwMDAwMDAwMDAwLCJkZWxldGUiOjEyMDAwMDAwMDAwMDAsInVwZGF0ZSI6MTIwMDAwMDAwMDAwMH19"
        }
      ]
    },
    {
      "mode": "managed",
      "type": "google_secret_manager_secret_version",
      "name": "db_password",
      "provider": "provider[\"registry.terraform.io/hashicorp/google\"]",
      "instances": [
        {
          "schema_version": 0,
          "attributes": {
            "create_time": "2025-07-04T03:51:19.558891Z",
            "deletion_policy": "DELETE",
            "destroy_time": "",
            "enabled": true,
            "id": "projects/1008284849803/secrets/n8n-optima-cx-db-password/versions/1",
            "is_secret_data_base64": false,
            "name": "projects/1008284849803/secrets/n8n-optima-cx-db-password/versions/1",
            "secret": "projects/burnished-data-463915-d8/secrets/n8n-optima-cx-db-password",
            "secret_data": "OptimaCX_n8n_2024_Secure!",
            "timeouts": null,
            "version": "1"
          },
          "sensitive_attributes": [
            [
              {
                "type": "get_attr",
                "value": "secret_data"
              }
            ]
          ],
          "private": "eyJlMmJmYjczMC1lY2FhLTExZTYtOGY4OC0zNDM2M2JjN2M0YzAiOnsiY3JlYXRlIjoxMjAwMDAwMDAwMDAwLCJkZWxldGUiOjEyMDAwMDAwMDAwMDAsInVwZGF0ZSI6MTIwMDAwMDAwMDAwMH19",
          "dependencies": [
            "google_secret_manager_secret.db_password"
          ]
        }
      ]
    },
    {
      "mode": "managed",
      "type": "google_secret_manager_secret_version",
      "name": "encryption_key",
      "provider": "provider[\"registry.terraform.io/hashicorp/google\"]",
      "instances": [
        {
          "schema_version": 0,
          "attributes": {
            "create_time": "2025-07-04T03:51:19.464301Z",
            "deletion_policy": "DELETE",
            "destroy_time": "",
            "enabled": true,
            "id": "projects/1008284849803/secrets/n8n-optima-cx-encryption-key/versions/1",
            "is_secret_data_base64": false,
            "name": "projects/1008284849803/secrets/n8n-optima-cx-encryption-key/versions/1",
            "secret": "projects/burnished-data-463915-d8/secrets/n8n-optima-cx-encryption-key",
            "secret_data": "OptimaCX_n8n_encryption_key_2024_secure_32chars",
            "timeouts": null,
            "version": "1"
          },
          "sensitive_attributes": [
            [
              {
                "type": "get_attr",
                "value": "secret_data"
              }
            ]
          ],
          "private": "eyJlMmJmYjczMC1lY2FhLTExZTYtOGY4OC0zNDM2M2JjN2M0YzAiOnsiY3JlYXRlIjoxMjAwMDAwMDAwMDAwLCJkZWxldGUiOjEyMDAwMDAwMDAwMDAsInVwZGF0ZSI6MTIwMDAwMDAwMDAwMH19",
          "dependencies": [
            "google_secret_manager_secret.encryption_key"
          ]
        }
      ]
    },
    {
      "mode": "managed",
      "type": "google_service_account",
      "name": "n8n_service_account",
      "provider": "provider[\"registry.terraform.io/hashicorp/google\"]",
      "instances": [
        {
          "schema_version": 0,
          "attributes": {
            "account_id": "n8n-optima-cx-sa",
            "create_ignore_already_exists": null,
            "description": "Service account for n8n 1.100.1 Cloud Run application",
            "disabled": false,
            "display_name": "N8N Optima-CX Service Account",
            "email": "n8n-optima-cx-sa@burnished-data-463915-d8.iam.gserviceaccount.com",
            "id": "projects/burnished-data-463915-d8/serviceAccounts/n8n-optima-cx-sa@burnished-data-463915-d8.iam.gserviceaccount.com",
            "member": "serviceAccount:n8n-optima-cx-sa@burnished-data-463915-d8.iam.gserviceaccount.com",
            "name": "projects/burnished-data-463915-d8/serviceAccounts/n8n-optima-cx-sa@burnished-data-463915-d8.iam.gserviceaccount.com",
            "project": "burnished-data-463915-d8",
            "timeouts": null,
            "unique_id": "114359520871045441430"
          },
          "sensitive_attributes": [],
          "private": "eyJlMmJmYjczMC1lY2FhLTExZTYtOGY4OC0zNDM2M2JjN2M0YzAiOnsiY3JlYXRlIjozMDAwMDAwMDAwMDB9fQ=="
        }
      ]
    },
    {
      "mode": "managed",
      "type": "google_service_networking_connection",
      "name": "private_vpc_connection",
      "provider": "provider[\"registry.terraform.io/hashicorp/google\"]",
      "instances": [
        {
          "schema_version": 0,
          "attributes": {
            "deletion_policy": null,
            "id": "https%3A%2F%2Fwww.googleapis.com%2Fcompute%2Fv1%2Fprojects%2Fburnished-data-463915-d8%2Fglobal%2Fnetworks%2Fn8n-optima-cx-vpc:servicenetworking.googleapis.com",
            "network": "https://www.googleapis.com/compute/v1/projects/burnished-data-463915-d8/global/networks/n8n-optima-cx-vpc",
            "peering": "servicenetworking-googleapis-com",
            "reserved_peering_ranges": [
              "n8n-optima-cx-private-ip"
            ],
            "service": "servicenetworking.googleapis.com",
            "timeouts": null,
            "update_on_creation_fail": null
          },
          "sensitive_attributes": [],
          "private": "eyJlMmJmYjczMC1lY2FhLTExZTYtOGY4OC0zNDM2M2JjN2M0YzAiOnsiY3JlYXRlIjo2MDAwMDAwMDAwMDAsImRlbGV0ZSI6NjAwMDAwMDAwMDAwLCJ1cGRhdGUiOjYwMDAwMDAwMDAwMH19",
          "dependencies": [
            "google_compute_global_address.private_ip_address",
            "google_compute_network.vpc"
          ]
        }
      ]
    },
    {
      "mode": "managed",
      "type": "google_sql_database",
      "name": "n8n_db",
      "provider": "provider[\"registry.terraform.io/hashicorp/google\"]",
      "instances": [
        {
          "schema_version": 0,
          "attributes": {
            "charset": "UTF8",
            "collation": "en_US.UTF8",
            "deletion_policy": "DELETE",
            "id": "projects/burnished-data-463915-d8/instances/n8n-optima-cx-postgres/databases/n8n_optima_cx",
            "instance": "n8n-optima-cx-postgres",
            "name": "n8n_optima_cx",
            "project": "burnished-data-463915-d8",
            "self_link": "https://sqladmin.googleapis.com/sql/v1beta4/projects/burnished-data-463915-d8/instances/n8n-optima-cx-postgres/databases/n8n_optima_cx",
            "timeouts": null
          },
          "sensitive_attributes": [],
          "private": "eyJlMmJmYjczMC1lY2FhLTExZTYtOGY4OC0zNDM2M2JjN2M0YzAiOnsiY3JlYXRlIjoxMjAwMDAwMDAwMDAwLCJkZWxldGUiOjEyMDAwMDAwMDAwMDAsInVwZGF0ZSI6MTIwMDAwMDAwMDAwMH19",
          "dependencies": [
            "google_compute_global_address.private_ip_address",
            "google_compute_network.vpc",
            "google_service_networking_connection.private_vpc_connection",
            "google_sql_database_instance.n8n_postgres"
          ]
        }
      ]
    },
    {
      "mode": "managed",
      "type": "google_sql_database_instance",
      "name": "n8n_postgres",
      "provider": "provider[\"registry.terraform.io/hashicorp/google\"]",
      "instances": [
        {
          "schema_version": 0,
          "attributes": {
            "available_maintenance_versions": [],
            "clone": [],
            "connection_name": "burnished-data-463915-d8:southamerica-west1:n8n-optima-cx-postgres",
            "database_version": "POSTGRES_15",
            "deletion_protection": false,
            "dns_name": "",
            "encryption_key_name": null,
            "first_ip_address": "172.21.0.3",
            "id": "n8n-optima-cx-postgres",
            "instance_type": "CLOUD_SQL_INSTANCE",
            "ip_address": [
              {
                "ip_address": "172.21.0.3",
                "time_to_retire": "",
                "type": "PRIVATE"
              }
            ],
            "maintenance_version": "POSTGRES_15_13.R20250302.00_31",
            "master_instance_name": "",
            "name": "n8n-optima-cx-postgres",
            "private_ip_address": "172.21.0.3",
            "project": "burnished-data-463915-d8",
            "psc_service_attachment_link": "",
            "public_ip_address": "",
            "region": "southamerica-west1",
            "replica_configuration": [],
            "restore_backup_context": [],
            "root_password": null,
            "self_link": "https://sqladmin.googleapis.com/sql/v1beta4/projects/burnished-data-463915-d8/instances/n8n-optima-cx-postgres",
            "server_ca_cert": [
              {
                "cert": "-----BEGIN CERTIFICATE-----\nMIIDfzCCAmegAwIBAgIBADANBgkqhkiG9w0BAQsFADB3MS0wKwYDVQQuEyRkOTg5\nZjQ3Zi05ZWYwLTQ3OTItOWMxMS0xY2NmYjc0MzBlMWExIzAhBgNVBAMTGkdvb2ds\nZSBDbG91ZCBTUUwgU2VydmVyIENBMRQwEgYDVQQKEwtHb29nbGUsIEluYzELMAkG\nA1UEBhMCVVMwHhcNMjUwNzA0MDQ0NTE3WhcNMzUwNzAyMDQ0NjE3WjB3MS0wKwYD\nVQQuEyRkOTg5ZjQ3Zi05ZWYwLTQ3OTItOWMxMS0xY2NmYjc0MzBlMWExIzAhBgNV\nBAMTGkdvb2dsZSBDbG91ZCBTUUwgU2VydmVyIENBMRQwEgYDVQQKEwtHb29nbGUs\nIEluYzELMAkGA1UEBhMCVVMwggEiMA0GCSqGSIb3DQEBAQUAA4IBDwAwggEKAoIB\nAQDd6Y9b5uKazMot4hw1ZiyVl3wXzVIADQFE52ol+UG7A5Aj7QnMx6DiASr2Lxqk\nZbGxOqqidqpK3C63O30ijM9ekG+1WMCK/xn7ug8fQu16Vw9hwChtgDSkQ3sDLY+A\nJyDtMCgtrm7MkxNzoWmCi7p4RgCbPI89e9nEp+h8jhA9NNnQcfEspoHt5h7M8wQT\nBEPcMK+J84qINz6g+oKbsd7RYC/fSA3UBTf5ilm429PCMHZ3XpcZaa377sdMN/BR\ng9oDs+gJ/gilUplJc5CVemL7fDostmc2gtRvNSHnVlSG1I2AlPov+s6NI3RLgp4B\ndI2bHjGKAN0JY8llWdC/VKpzAgMBAAGjFjAUMBIGA1UdEwEB/wQIMAYBAf8CAQAw\nDQYJKoZIhvcNAQELBQADggEBAL38EtICmoPJ2M8Ix3NQKvKMNJFCeABs866LMU2u\nruJNX72OxF3ocmaIO2Kjuf8n0dCScWlevheiWSlSPe3M5ZVPna8oZM1AHvwvIxjq\nFNul8zNzmBtqXss/accsFpx15fN2jQjUT0ZwmtMDNkiEo/b7PkkCQq2vpRmS6WdZ\n6ukgn+PUodqEOjZ/DO9tt/KODW0CrcBzNFDQvsdcDDH6ZN81Z2nU/vdMNp9+sr29\nCYgYjfGKty8Lx23u8pQ7ONtk+WCoQudDwGa45E9Tcz5AtxrTz578asx69aEXua/j\n0i6T9iKgSn7qf+KJc9ep1cknrZz3ubzyIhM4v/kVPdfgwJ8=\n-----END CERTIFICATE-----",
                "common_name": "C=US,O=Google\\, Inc,CN=Google Cloud SQL Server CA,dnQualifier=d989f47f-9ef0-4792-9c11-1ccfb7430e1a",
                "create_time": "2025-07-04T04:45:17.410Z",
                "expiration_time": "2035-07-02T04:46:17.410Z",
                "sha1_fingerprint": "051ede4a1270936ce70eb436014550d3646c7c01"
              }
            ],
            "service_account_email_address": "p1008284849803-ev5iag@gcp-sa-cloud-sql.iam.gserviceaccount.com",
            "settings": [
              {
                "activation_policy": "ALWAYS",
                "active_directory_config": [],
                "advanced_machine_features": [],
                "availability_type": "ZONAL",
                "backup_configuration": [
                  {
                    "backup_retention_settings": [
                      {
                        "retained_backups": 7,
                        "retention_unit": "COUNT"
                      }
                    ],
                    "binary_log_enabled": false,
                    "enabled": true,
                    "location": "",
                    "point_in_time_recovery_enabled": false,
                    "start_time": "03:00",
                    "transaction_log_retention_days": 7
                  }
                ],
                "collation": "",
                "connector_enforcement": "NOT_REQUIRED",
                "data_cache_config": [],
                "database_flags": [
                  {
                    "name": "max_connections",
                    "value": "100"
                  }
                ],
                "deletion_protection_enabled": false,
                "deny_maintenance_period": [],
                "disk_autoresize": true,
                "disk_autoresize_limit": 0,
                "disk_size": 20,
                "disk_type": "PD_SSD",
                "edition": "ENTERPRISE",
                "enable_dataplex_integration": false,
                "enable_google_ml_integration": false,
                "insights_config": [],
                "ip_configuration": [
                  {
                    "allocated_ip_range": "",
                    "authorized_networks": [],
                    "enable_private_path_for_google_cloud_services": false,
                    "ipv4_enabled": false,
                    "private_network": "projects/burnished-data-463915-d8/global/networks/n8n-optima-cx-vpc",
                    "psc_config": [],
                    "require_ssl": false,
                    "server_ca_mode": "GOOGLE_MANAGED_INTERNAL_CA",
                    "ssl_mode": ""
                  }
                ],
                "location_preference": [
                  {
                    "follow_gae_application": "",
                    "secondary_zone": "",
                    "zone": "southamerica-west1-b"
                  }
                ],
                "maintenance_window": [
                  {
                    "day": 7,
                    "hour": 3,
                    "update_track": "stable"
                  }
                ],
                "password_validation_policy": [],
                "pricing_plan": "PER_USE",
                "sql_server_audit_config": [],
                "tier": "db-f1-micro",
                "time_zone": "",
                "user_labels": {},
                "version": 4
              }
            ],
            "timeouts": null
          },
          "sensitive_attributes": [],
          "private": "eyJlMmJmYjczMC1lY2FhLTExZTYtOGY4OC0zNDM2M2JjN2M0YzAiOnsiY3JlYXRlIjo1NDAwMDAwMDAwMDAwLCJkZWxldGUiOjU0MDAwMDAwMDAwMDAsInVwZGF0ZSI6NTQwMDAwMDAwMDAwMH19",
          "dependencies": [
            "google_compute_global_address.private_ip_address",
            "google_compute_network.vpc",
            "google_service_networking_connection.private_vpc_connection"
          ]
        }
      ]
    },
    {
      "mode": "managed",
      "type": "google_sql_user",
      "name": "n8n_user",
      "provider": "provider[\"registry.terraform.io/hashicorp/google\"]",
      "instances": [
        {
          "schema_version": 1,
          "attributes": {
            "deletion_policy": null,
            "host": "",
            "id": "n8n//n8n-optima-cx-postgres",
            "instance": "n8n-optima-cx-postgres",
            "name": "n8n",
            "password": "OptimaCX_n8n_2024_Secure!",
            "password_policy": [],
            "project": "burnished-data-463915-d8",
            "sql_server_user_details": [],
            "timeouts": null,
            "type": ""
          },
          "sensitive_attributes": [
            [
              {
                "type": "get_attr",
                "value": "password"
              }
            ]
          ],
          "private": "eyJlMmJmYjczMC1lY2FhLTExZTYtOGY4OC0zNDM2M2JjN2M0YzAiOnsiY3JlYXRlIjo2MDAwMDAwMDAwMDAsImRlbGV0ZSI6NjAwMDAwMDAwMDAwLCJ1cGRhdGUiOjYwMDAwMDAwMDAwMH0sInNjaGVtYV92ZXJzaW9uIjoiMSJ9",
          "dependencies": [
            "google_compute_global_address.private_ip_address",
            "google_compute_network.vpc",
            "google_service_networking_connection.private_vpc_connection",
            "google_sql_database_instance.n8n_postgres"
          ]
        }
      ]
    },
    {
      "mode": "managed",
      "type": "google_vpc_access_connector",
      "name": "connector",
      "provider": "provider[\"registry.terraform.io/hashicorp/google\"]",
      "instances": [
        {
          "schema_version": 0,
          "attributes": {
            "connected_projects": [],
            "id": "projects/burnished-data-463915-d8/locations/southamerica-west1/connectors/n8n-optima-cx-connector",
            "ip_cidr_range": "10.1.0.0/28",
            "machine_type": "e2-micro",
            "max_instances": 3,
            "max_throughput": 300,
            "min_instances": 2,
            "min_throughput": 200,
            "name": "n8n-optima-cx-connector",
            "network": "n8n-optima-cx-vpc",
            "project": "burnished-data-463915-d8",
            "region": "southamerica-west1",
            "self_link": "projects/burnished-data-463915-d8/locations/southamerica-west1/connectors/n8n-optima-cx-connector",
            "state": "READY",
            "subnet": [],
            "timeouts": null
          },
          "sensitive_attributes": [],
          "private": "eyJlMmJmYjczMC1lY2FhLTExZTYtOGY4OC0zNDM2M2JjN2M0YzAiOnsiY3JlYXRlIjoxMjAwMDAwMDAwMDAwLCJkZWxldGUiOjEyMDAwMDAwMDAwMDB9LCJzY2hlbWFfdmVyc2lvbiI6IjAifQ==",
          "dependencies": [
            "google_compute_network.vpc"
          ]
        }
      ]
    },
    {
      "module": "module.n8n_cloud_run",
      "mode": "managed",
      "type": "google_cloud_run_service",
      "name": "n8n",
      "provider": "provider[\"registry.terraform.io/hashicorp/google\"]",
      "instances": [
        {
          "schema_version": 2,
          "attributes": {
            "autogenerate_revision_name": false,
            "id": "locations/southamerica-west1/namespaces/burnished-data-463915-d8/services/n8n-optima-cx",
            "location": "southamerica-west1",
            "metadata": [
              {
                "annotations": {},
                "effective_annotations": {
                  "run.googleapis.com/ingress": "all",
                  "run.googleapis.com/ingress-status": "all",
                  "run.googleapis.com/operation-id": "05861602-2dba-4be0-a87d-1c6e8800bf2d",
                  "run.googleapis.com/urls": "[\"https://n8n-optima-cx-1008284849803.southamerica-west1.run.app\",\"https://n8n-optima-cx-e6nurdtj6a-tl.a.run.app\"]",
                  "serving.knative.dev/creator": "bastianberrios.a@gmail.com",
                  "serving.knative.dev/lastModifier": "bastianberrios.a@gmail.com"
                },
                "effective_labels": {
                  "cloud.googleapis.com/location": "southamerica-west1"
                },
                "generation": 1,
                "labels": {},
                "namespace": "burnished-data-463915-d8",
                "resource_version": "AAY5Hp3TMLc",
                "self_link": "/apis/serving.knative.dev/v1/namespaces/1008284849803/services/n8n-optima-cx",
                "terraform_labels": {},
                "uid": "f0306bad-9182-475a-956a-57ce07202340"
              }
            ],
            "name": "n8n-optima-cx",
            "project": "burnished-data-463915-d8",
            "status": [
              {
                "conditions": [
                  {
                    "message": "",
                    "reason": "",
                    "status": "True",
                    "type": "Ready"
                  },
                  {
                    "message": "",
                    "reason": "",
                    "status": "True",
                    "type": "ConfigurationsReady"
                  },
                  {
                    "message": "",
                    "reason": "",
                    "status": "True",
                    "type": "RoutesReady"
                  }
                ],
                "latest_created_revision_name": "n8n-optima-cx-00001-88c",
                "latest_ready_revision_name": "n8n-optima-cx-00001-88c",
                "observed_generation": 1,
                "traffic": [
                  {
                    "latest_revision": true,
                    "percent": 100,
                    "revision_name": "n8n-optima-cx-00001-88c",
                    "tag": "",
                    "url": ""
                  }
                ],
                "url": "https://n8n-optima-cx-e6nurdtj6a-tl.a.run.app"
              }
            ],
            "template": [
              {
                "metadata": [
                  {
                    "annotations": {
                      "autoscaling.knative.dev/maxScale": "100",
                      "autoscaling.knative.dev/minScale": "0",
                      "run.googleapis.com/cloudsql-instances": "burnished-data-463915-d8:southamerica-west1:n8n-optima-cx-postgres",
                      "run.googleapis.com/cpu-throttling": "false",
                      "run.googleapis.com/execution-environment": "gen2",
                      "run.googleapis.com/vpc-access-connector": "n8n-optima-cx-connector",
                      "run.googleapis.com/vpc-access-egress": "private-ranges-only"
                    },
                    "generation": 0,
                    "labels": {
                      "app": "n8n",
                      "environment": "prod",
                      "managed-by": "terraform",
                      "module": "cloud-run",
                      "n8n-version": "1-100-1",
                      "platform": "optima-cx",
                      "run.googleapis.com/startupProbeType": "Custom",
                      "version": "1-100-1"
                    },
                    "name": "",
                    "namespace": "",
                    "resource_version": "",
                    "self_link": "",
                    "uid": ""
                  }
                ],
                "spec": [
                  {
                    "container_concurrency": 1000,
                    "containers": [
                      {
                        "args": null,
                        "command": null,
                        "env": [
                          {
                            "name": "DB_POSTGRESDB_DATABASE",
                            "value": "n8n_optima_cx",
                            "value_from": []
                          },
                          {
                            "name": "DB_POSTGRESDB_HOST",
                            "value": "/cloudsql/burnished-data-463915-d8:southamerica-west1:n8n-optima-cx-postgres",
                            "value_from": []
                          },
                          {
                            "name": "DB_POSTGRESDB_PASSWORD",
                            "value": "OptimaCX_n8n_2024_Secure!",
                            "value_from": []
                          },
                          {
                            "name": "DB_POSTGRESDB_PORT",
                            "value": "5432",
                            "value_from": []
                          },
                          {
                            "name": "DB_POSTGRESDB_USER",
                            "value": "n8n",
                            "value_from": []
                          },
                          {
                            "name": "DB_TYPE",
                            "value": "postgresdb",
                            "value_from": []
                          },
                          {
                            "name": "EXECUTIONS_MODE",
                            "value": "queue",
                            "value_from": []
                          },
                          {
                            "name": "GOOGLE_CLOUD_PROJECT",
                            "value": "burnished-data-463915-d8",
                            "value_from": []
                          },
                          {
                            "name": "GOOGLE_EMBEDDING_MODEL",
                            "value": "text-embedding-004",
                            "value_from": []
                          },
                          {
                            "name": "GOOGLE_LLM_MODEL",
                            "value": "gemini-2.5-pro",
                            "value_from": []
                          },
                          {
                            "name": "GOOGLE_STORAGE_BUCKET",
                            "value": "",
                            "value_from": []
                          },
                          {
                            "name": "MULTITENANT_ENABLED",
                            "value": "true",
                            "value_from": []
                          },
                          {
                            "name": "N8N_ANONYMOUS_USAGE_ENABLED",
                            "value": "false",
                            "value_from": []
                          },
                          {
                            "name": "N8N_BINARY_DATA_MODE",
                            "value": "filesystem",
                            "value_from": []
                          },
                          {
                            "name": "N8N_CONCURRENCY_PRODUCTION_LIMIT",
                            "value": "20",
                            "value_from": []
                          },
                          {
                            "name": "N8N_DEFAULT_BINARY_DATA_MODE",
                            "value": "filesystem",
                            "value_from": []
                          },
                          {
                            "name": "N8N_DIAGNOSTICS_ENABLED",
                            "value": "false",
                            "value_from": []
                          },
                          {
                            "name": "N8N_EDITOR_BASE_URL",
                            "value": "https://n8n.optimacx.net",
                            "value_from": []
                          },
                          {
                            "name": "N8N_ENCRYPTION_KEY",
                            "value": "OptimaCX_n8n_encryption_key_2024_secure_32chars",
                            "value_from": []
                          },
                          {
                            "name": "N8N_HOST",
                            "value": "n8n.optimacx.net",
                            "value_from": []
                          },
                          {
                            "name": "N8N_JWT_AUTH_HEADER",
                            "value": "authorization",
                            "value_from": []
                          },
                          {
                            "name": "N8N_LOG_LEVEL",
                            "value": "info",
                            "value_from": []
                          },
                          {
                            "name": "N8N_METRICS",
                            "value": "true",
                            "value_from": []
                          },
                          {
                            "name": "N8N_MULTI_MAIN_SETUP_CHECK_INTERVAL",
                            "value": "3",
                            "value_from": []
                          },
                          {
                            "name": "N8N_MULTI_MAIN_SETUP_ENABLED",
                            "value": "true",
                            "value_from": []
                          },
                          {
                            "name": "N8N_MULTI_MAIN_SETUP_KEY_TTL",
                            "value": "10",
                            "value_from": []
                          },
                          {
                            "name": "N8N_PAYLOAD_SIZE_MAX",
                            "value": "16",
                            "value_from": []
                          },
                          {
                            "name": "N8N_PERSONALIZATION_ENABLED",
                            "value": "false",
                            "value_from": []
                          },
                          {
                            "name": "N8N_PORT",
                            "value": "5678",
                            "value_from": []
                          },
                          {
                            "name": "N8N_PROTOCOL",
                            "value": "https",
                            "value_from": []
                          },
                          {
                            "name": "N8N_RUNNERS_AUTH_TOKEN",
                            "value": "auto-generated-token-b)xL$k\u003evT#wJ$*w$:G8L{39=a$F!XK@E",
                            "value_from": []
                          },
                          {
                            "name": "N8N_RUNNERS_BROKER_LISTEN_ADDRESS",
                            "value": "0.0.0.0",
                            "value_from": []
                          },
                          {
                            "name": "N8N_RUNNERS_BROKER_PORT",
                            "value": "5679",
                            "value_from": []
                          },
                          {
                            "name": "N8N_RUNNERS_ENABLED",
                            "value": "true",
                            "value_from": []
                          },
                          {
                            "name": "N8N_RUNNERS_HEARTBEAT_INTERVAL",
                            "value": "30",
                            "value_from": []
                          },
                          {
                            "name": "N8N_RUNNERS_MAX_CONCURRENCY",
                            "value": "5",
                            "value_from": []
                          },
                          {
                            "name": "N8N_RUNNERS_MODE",
                            "value": "external",
                            "value_from": []
                          },
                          {
                            "name": "N8N_RUNNERS_TASK_TIMEOUT",
                            "value": "60",
                            "value_from": []
                          },
                          {
                            "name": "N8N_SECURE_COOKIE",
                            "value": "true",
                            "value_from": []
                          },
                          {
                            "name": "N8N_VERSION",
                            "value": "1.100.1",
                            "value_from": []
                          },
                          {
                            "name": "N8N_VERSION_NOTIFICATIONS_ENABLED",
                            "value": "false",
                            "value_from": []
                          },
                          {
                            "name": "QUEUE_BULL_REDIS_HOST",
                            "value": "10.109.73.163",
                            "value_from": []
                          },
                          {
                            "name": "QUEUE_BULL_REDIS_PORT",
                            "value": "6379",
                            "value_from": []
                          },
                          {
                            "name": "QUEUE_HEALTH_CHECK_ACTIVE",
                            "value": "true",
                            "value_from": []
                          },
                          {
                            "name": "RAG_ENABLED",
                            "value": "true",
                            "value_from": []
                          },
                          {
                            "name": "RAG_MAX_RESULTS",
                            "value": "5",
                            "value_from": []
                          },
                          {
                            "name": "RAG_SIMILARITY_THRESHOLD",
                            "value": "0.8",
                            "value_from": []
                          },
                          {
                            "name": "TENANT_ISOLATION_ENABLED",
                            "value": "true",
                            "value_from": []
                          },
                          {
                            "name": "VERTEX_AI_LOCATION",
                            "value": "southamerica-west1",
                            "value_from": []
                          },
                          {
                            "name": "WEBHOOK_URL",
                            "value": "https://n8n.optimacx.net",
                            "value_from": []
                          }
                        ],
                        "env_from": [],
                        "image": "n8nio/n8n:1.100.1",
                        "liveness_probe": [
                          {
                            "failure_threshold": 3,
                            "grpc": [],
                            "http_get": [
                              {
                                "http_headers": [],
                                "path": "/healthz",
                                "port": 5678
                              }
                            ],
                            "initial_delay_seconds": 60,
                            "period_seconds": 30,
                            "timeout_seconds": 5
                          }
                        ],
                        "name": "",
                        "ports": [
                          {
                            "container_port": 5678,
                            "name": "http1",
                            "protocol": ""
                          }
                        ],
                        "resources": [
                          {
                            "limits": {
                              "cpu": "2000m",
                              "memory": "4Gi"
                            },
                            "requests": {
                              "cpu": "500m",
                              "memory": "1Gi"
                            }
                          }
                        ],
                        "startup_probe": [
                          {
                            "failure_threshold": 6,
                            "grpc": [],
                            "http_get": [
                              {
                                "http_headers": [],
                                "path": "/healthz",
                                "port": 5678
                              }
                            ],
                            "initial_delay_seconds": 30,
                            "period_seconds": 10,
                            "tcp_socket": [],
                            "timeout_seconds": 5
                          }
                        ],
                        "volume_mounts": [],
                        "working_dir": ""
                      }
                    ],
                    "service_account_name": "n8n-optima-cx-sa@burnished-data-463915-d8.iam.gserviceaccount.com",
                    "serving_state": "",
                    "timeout_seconds": 300,
                    "volumes": []
                  }
                ]
              }
            ],
            "timeouts": null,
            "traffic": [
              {
                "latest_revision": true,
                "percent": 100,
                "revision_name": "",
                "tag": "",
                "url": ""
              }
            ]
          },
          "sensitive_attributes": [
            [
              {
                "type": "get_attr",
                "value": "template"
              },
              {
                "type": "index",
                "value": {
                  "value": 0,
                  "type": "number"
                }
              },
              {
                "type": "get_attr",
                "value": "spec"
              },
              {
                "type": "index",
                "value": {
                  "value": 0,
                  "type": "number"
                }
              },
              {
                "type": "get_attr",
                "value": "containers"
              },
              {
                "type": "index",
                "value": {
                  "value": 0,
                  "type": "number"
                }
              },
              {
                "type": "get_attr",
                "value": "env"
              }
            ]
          ],
          "private": "eyJlMmJmYjczMC1lY2FhLTExZTYtOGY4OC0zNDM2M2JjN2M0YzAiOnsiY3JlYXRlIjoxMjAwMDAwMDAwMDAwLCJkZWxldGUiOjEyMDAwMDAwMDAwMDAsInVwZGF0ZSI6MTIwMDAwMDAwMDAwMH0sInNjaGVtYV92ZXJzaW9uIjoiMiJ9",
          "dependencies": [
            "google_redis_instance.n8n_redis",
            "google_service_account.n8n_service_account",
            "google_sql_database.n8n_db",
            "google_sql_database_instance.n8n_postgres",
            "google_sql_user.n8n_user",
            "google_vpc_access_connector.connector",
            "module.n8n_cloud_run.random_string.task_runner_token"
          ]
        }
      ]
    },
    {
      "module": "module.n8n_cloud_run",
      "mode": "managed",
      "type": "google_cloud_run_service_iam_member",
      "name": "public_access",
      "provider": "provider[\"registry.terraform.io/hashicorp/google\"]",
      "instances": [
        {
          "index_key": 0,
          "schema_version": 0,
          "attributes": {
            "condition": [],
            "etag": "BwY5Hp4HGho=",
            "id": "v1/projects/burnished-data-463915-d8/locations/southamerica-west1/services/n8n-optima-cx/roles/run.invoker/allUsers",
            "location": "southamerica-west1",
            "member": "allUsers",
            "project": "burnished-data-463915-d8",
            "role": "roles/run.invoker",
            "service": "v1/projects/burnished-data-463915-d8/locations/southamerica-west1/services/n8n-optima-cx"
          },
          "sensitive_attributes": [],
          "private": "bnVsbA==",
          "dependencies": [
            "google_redis_instance.n8n_redis",
            "google_service_account.n8n_service_account",
            "google_sql_database.n8n_db",
            "google_sql_database_instance.n8n_postgres",
            "google_sql_user.n8n_user",
            "google_vpc_access_connector.connector",
            "module.n8n_cloud_run.google_cloud_run_service.n8n",
            "module.n8n_cloud_run.random_string.task_runner_token"
          ]
        }
      ]
    },
    {
      "module": "module.n8n_cloud_run",
      "mode": "managed",
      "type": "random_id",
      "name": "instance_id",
      "provider": "provider[\"registry.terraform.io/hashicorp/random\"]",
      "instances": [
        {
          "schema_version": 0,
          "attributes": {
            "b64_std": "W76pBFJWUr8=",
            "b64_url": "W76pBFJWUr8",
            "byte_length": 8,
            "dec": "6610907139052819135",
            "hex": "5bbea904525652bf",
            "id": "W76pBFJWUr8",
            "keepers": null,
            "prefix": null
          },
          "sensitive_attributes": [],
          "dependencies": [
            "google_compute_global_address.private_ip_address",
            "google_compute_network.vpc",
            "google_redis_instance.n8n_redis",
            "google_service_account.n8n_service_account",
            "google_service_networking_connection.private_vpc_connection",
            "google_sql_database_instance.n8n_postgres",
            "google_vpc_access_connector.connector"
          ]
        }
      ]
    },
    {
      "module": "module.n8n_cloud_run",
      "mode": "managed",
      "type": "random_password",
      "name": "salt",
      "provider": "provider[\"registry.terraform.io/hashicorp/random\"]",
      "instances": [
        {
          "schema_version": 3,
          "attributes": {
            "bcrypt_hash": "$2a$10$uX54ER9DjR1m280cojF8jOMzJYK2yqE/6y50MpiThuVD9MnIBqZQ6",
            "id": "none",
            "keepers": null,
            "length": 16,
            "lower": true,
            "min_lower": 0,
            "min_numeric": 0,
            "min_special": 0,
            "min_upper": 0,
            "number": true,
            "numeric": true,
            "override_special": null,
            "result": "SJMI1OFp5QkzDusy",
            "special": false,
            "upper": true
          },
          "sensitive_attributes": [],
          "dependencies": [
            "google_compute_global_address.private_ip_address",
            "google_compute_network.vpc",
            "google_redis_instance.n8n_redis",
            "google_service_account.n8n_service_account",
            "google_service_networking_connection.private_vpc_connection",
            "google_sql_database_instance.n8n_postgres",
            "google_vpc_access_connector.connector"
          ]
        }
      ]
    },
    {
      "module": "module.n8n_cloud_run",
      "mode": "managed",
      "type": "random_string",
      "name": "task_runner_token",
      "provider": "provider[\"registry.terraform.io/hashicorp/random\"]",
      "instances": [
        {
          "schema_version": 2,
          "attributes": {
            "id": "b)xL$k\u003evT#wJ$*w$:G8L{39=a$F!XK@E",
            "keepers": null,
            "length": 32,
            "lower": true,
            "min_lower": 0,
            "min_numeric": 0,
            "min_special": 0,
            "min_upper": 0,
            "number": true,
            "numeric": true,
            "override_special": null,
            "result": "b)xL$k\u003evT#wJ$*w$:G8L{39=a$F!XK@E",
            "special": true,
            "upper": true
          },
          "sensitive_attributes": [],
          "dependencies": [
            "google_compute_global_address.private_ip_address",
            "google_compute_network.vpc",
            "google_redis_instance.n8n_redis",
            "google_service_account.n8n_service_account",
            "google_service_networking_connection.private_vpc_connection",
            "google_sql_database_instance.n8n_postgres",
            "google_vpc_access_connector.connector"
          ]
        }
      ]
    },
    {
      "module": "module.n8n_cloud_run",
      "mode": "managed",
      "type": "random_string",
      "name": "webhook_token",
      "provider": "provider[\"registry.terraform.io/hashicorp/random\"]",
      "instances": [
        {
          "schema_version": 2,
          "attributes": {
            "id": "YP0Bd0tu0oVkSZnUVBRxaDWL",
            "keepers": null,
            "length": 24,
            "lower": true,
            "min_lower": 0,
            "min_numeric": 0,
            "min_special": 0,
            "min_upper": 0,
            "number": true,
            "numeric": true,
            "override_special": null,
            "result": "YP0Bd0tu0oVkSZnUVBRxaDWL",
            "special": false,
            "upper": true
          },
          "sensitive_attributes": [],
          "dependencies": [
            "google_compute_global_address.private_ip_address",
            "google_compute_network.vpc",
            "google_redis_instance.n8n_redis",
            "google_service_account.n8n_service_account",
            "google_service_networking_connection.private_vpc_connection",
            "google_sql_database_instance.n8n_postgres",
            "google_vpc_access_connector.connector"
          ]
        }
      ]
    }
  ],
  "check_results": null
}
